
Microsoft Visual Studio Solution File, Format Version 12.00
# Visual Studio Version 16
VisualStudioVersion = 16.0.29709.97
MinimumVisualStudioVersion = 10.0.40219.1
Project("{FAE04EC0-301F-11D3-BF4B-00C04F79EFBC}") = "RangLib", "RangLib.csproj", "{8AA019E2-3BD9-4ADE-A90A-36A04CC4F649}"
EndProject
Project("{FAE04EC0-301F-11D3-BF4B-00C04F79EFBC}") = "RangTest", "..\RangTest\RangTest.csproj", "{5C8899A2-03AC-4CD6-AD53-678E86D6C3DB}"
EndProject
Global
	GlobalSection(SolutionConfigurationPlatforms) = preSolution
		Debug|Any CPU = Debug|Any CPU
		Release|Any CPU = Release|Any CPU
	EndGlobalSection
	GlobalSection(ProjectConfigurationPlatforms) = postSolution
		{8AA019E2-3BD9-4ADE-A90A-36A04CC4F649}.Debug|Any CPU.ActiveCfg = Debug|Any CPU
		{8AA019E2-3BD9-4ADE-A90A-36A04CC4F649}.Debug|Any CPU.Build.0 = Debug|Any CPU
		{8AA019E2-3BD9-4ADE-A90A-36A04CC4F649}.Release|Any CPU.ActiveCfg = Release|Any CPU
		{8AA019E2-3BD9-4ADE-A90A-36A04CC4F649}.Release|Any CPU.Build.0 = Release|Any CPU
		{5C8899A2-03AC-4CD6-AD53-678E86D6C3DB}.Debug|Any CPU.ActiveCfg = Debug|Any CPU
		{5C8899A2-03AC-4CD6-AD53-678E86D6C3DB}.Debug|Any CPU.Build.0 = Debug|Any CPU
		{5C8899A2-03AC-4CD6-AD53-678E86D6C3DB}.Release|Any CPU.ActiveCfg = Release|Any CPU
		{5C8899A2-03AC-4CD6-AD53-678E86D6C3DB}.Release|Any CPU.Build.0 = Release|Any CPU
	EndGlobalSection
	GlobalSection(SolutionProperties) = preSolution
		HideSolutionNode = FALSE
	EndGlobalSection
	GlobalSection(ExtensibilityGlobals) = postSolution
		SolutionGuid = {1A0DC91A-DAF5-4C9C-A0D9-71E0C8131A20}
	EndGlobalSection
EndGlobal
